{
  "name": "yt-music",
  "version": "1.0.0",
  "lockfileVersion": 2,
  "requires": true,
  "packages": {
    "": {
      "name": "yt-music",
      "version": "1.0.0",
      "license": "ISC",
      "dependencies": {
        "sf-miniprogram-navbar": "^1.0.1"
      },
      "devDependencies": {
        "miniprogram-api-typings": "^2.8.3-1"
      }
    },
    "node_modules/miniprogram-api-typings": {
      "version": "2.12.0",
      "resolved": "https://registry.npmjs.org/miniprogram-api-typings/-/miniprogram-api-typings-2.12.0.tgz",
      "integrity": "sha512-ibvbqeslVFur0IAvTxLMvsbtvVcMo6gwvOnj0YZHV7aeDLu091VQRrETT2QuiG9P6aZWRcxeNGJChRKVPCp9VQ==",
      "dev": true
    },
    "node_modules/sf-miniprogram-navbar": {
      "version": "1.0.1",
      "resolved": "https://registry.npmjs.org/sf-miniprogram-navbar/-/sf-miniprogram-navbar-1.0.1.tgz",
      "integrity": "sha512-XE5T3Vih2viCgjK+XAnDlZetdMPRTuiVqhPaxlkaseaA/LGxDIKHNLeLUlPZry9cpPqrEIc+Z22xIk53BhS2Pw=="
    }
  },
  "dependencies": {
    "miniprogram-api-typings": {
      "version": "2.12.0",
      "resolved": "https://registry.npmjs.org/miniprogram-api-typings/-/miniprogram-api-typings-2.12.0.tgz",
      "integrity": "sha512-ibvbqeslVFur0IAvTxLMvsbtvVcMo6gwvOnj0YZHV7aeDLu091VQRrETT2QuiG9P6aZWRcxeNGJChRKVPCp9VQ==",
      "dev": true
    },
    "sf-miniprogram-navbar": {
      "version": "1.0.1",
      "resolved": "https://registry.npmjs.org/sf-miniprogram-navbar/-/sf-miniprogram-navbar-1.0.1.tgz",
      "integrity": "sha512-XE5T3Vih2viCgjK+XAnDlZetdMPRTuiVqhPaxlkaseaA/LGxDIKHNLeLUlPZry9cpPqrEIc+Z22xIk53BhS2Pw=="
    }
  }
}
